
Microsoft Visual Studio Solution File, Format Version 12.00
# Visual Studio Version 17
VisualStudioVersion = 17.13.35806.99 d17.13
MinimumVisualStudioVersion = 10.0.40219.1
Project("{FAE04EC0-301F-11D3-BF4B-00C04F79EFBC}") = "AzureGateway.Api", "AzureGateway.Api\AzureGateway.Api.csproj", "{62FB4D55-32AE-4F3A-9BD8-BEAF90626DAA}"
EndProject
Global
	GlobalSection(SolutionConfigurationPlatforms) = preSolution
		Debug|Any CPU = Debug|Any CPU
		Release|Any CPU = Release|Any CPU
	EndGlobalSection
	GlobalSection(ProjectConfigurationPlatforms) = postSolution
		{62FB4D55-32AE-4F3A-9BD8-BEAF90626DAA}.Debug|Any CPU.ActiveCfg = Debug|Any CPU
		{62FB4D55-32AE-4F3A-9BD8-BEAF90626DAA}.Debug|Any CPU.Build.0 = Debug|Any CPU
		{62FB4D55-32AE-4F3A-9BD8-BEAF90626DAA}.Release|Any CPU.ActiveCfg = Release|Any CPU
		{62FB4D55-32AE-4F3A-9BD8-BEAF90626DAA}.Release|Any CPU.Build.0 = Release|Any CPU
	EndGlobalSection
	GlobalSection(SolutionProperties) = preSolution
		HideSolutionNode = FALSE
	EndGlobalSection
	GlobalSection(ExtensibilityGlobals) = postSolution
		SolutionGuid = {667C28A8-C0BD-453C-9E48-6AA0487561B6}
	EndGlobalSection
EndGlobal
